
Microsoft Visual Studio Solution File, Format Version 12.00
# Visual Studio Version 17
VisualStudioVersion = 17.7.34009.444
MinimumVisualStudioVersion = 10.0.40219.1
Project("{FAE04EC0-301F-11D3-BF4B-00C04F79EFBC}") = "Projeto Medicamento", "Projeto Medicamento\Projeto Medicamento.csproj", "{15D6D19C-5834-4DCC-A37D-014D9CE2BB7E}"
EndProject
Global
	GlobalSection(SolutionConfigurationPlatforms) = preSolution
		Debug|Any CPU = Debug|Any CPU
		Release|Any CPU = Release|Any CPU
	EndGlobalSection
	GlobalSection(ProjectConfigurationPlatforms) = postSolution
		{15D6D19C-5834-4DCC-A37D-014D9CE2BB7E}.Debug|Any CPU.ActiveCfg = Debug|Any CPU
		{15D6D19C-5834-4DCC-A37D-014D9CE2BB7E}.Debug|Any CPU.Build.0 = Debug|Any CPU
		{15D6D19C-5834-4DCC-A37D-014D9CE2BB7E}.Release|Any CPU.ActiveCfg = Release|Any CPU
		{15D6D19C-5834-4DCC-A37D-014D9CE2BB7E}.Release|Any CPU.Build.0 = Release|Any CPU
	EndGlobalSection
	GlobalSection(SolutionProperties) = preSolution
		HideSolutionNode = FALSE
	EndGlobalSection
	GlobalSection(ExtensibilityGlobals) = postSolution
		SolutionGuid = {721CF169-C9B7-452D-830B-00863CF3151D}
	EndGlobalSection
EndGlobal
