
Microsoft Visual Studio Solution File, Format Version 12.00
# Visual Studio Version 17
VisualStudioVersion = 17.7.34009.444
MinimumVisualStudioVersion = 10.0.40219.1
Project("{FAE04EC0-301F-11D3-BF4B-00C04F79EFBC}") = "Projeto Transporte", "Projeto Transporte\Projeto Transporte.csproj", "{A608835B-857E-421C-B6D3-B954864CBA40}"
EndProject
Global
	GlobalSection(SolutionConfigurationPlatforms) = preSolution
		Debug|Any CPU = Debug|Any CPU
		Release|Any CPU = Release|Any CPU
	EndGlobalSection
	GlobalSection(ProjectConfigurationPlatforms) = postSolution
		{A608835B-857E-421C-B6D3-B954864CBA40}.Debug|Any CPU.ActiveCfg = Debug|Any CPU
		{A608835B-857E-421C-B6D3-B954864CBA40}.Debug|Any CPU.Build.0 = Debug|Any CPU
		{A608835B-857E-421C-B6D3-B954864CBA40}.Release|Any CPU.ActiveCfg = Release|Any CPU
		{A608835B-857E-421C-B6D3-B954864CBA40}.Release|Any CPU.Build.0 = Release|Any CPU
	EndGlobalSection
	GlobalSection(SolutionProperties) = preSolution
		HideSolutionNode = FALSE
	EndGlobalSection
	GlobalSection(ExtensibilityGlobals) = postSolution
		SolutionGuid = {0E88A841-B9FA-4E6F-83F2-56E65915D46B}
	EndGlobalSection
EndGlobal
